// !$*UTF8*$!
{
	archiveVersion = 1;
	classes = {
	};
	objectVersion = 46;
	objects = {

/* Begin PBXBuildFile section */
		AB9362E31D670E5400575257 /* AppDelegate.swift in Sources */ = {isa = PBXBuildFile; fileRef = AB9362E21D670E5400575257 /* AppDelegate.swift */; };
		AB9362E51D670E5400575257 /* ViewController.swift in Sources */ = {isa = PBXBuildFile; fileRef = AB9362E41D670E5400575257 /* ViewController.swift */; };
		AB9362E81D670E5400575257 /* Main.storyboard in Resources */ = {isa = PBXBuildFile; fileRef = AB9362E61D670E5400575257 /* Main.storyboard */; };
		AB9362EA1D670E5400575257 /* Assets.xcassets in Resources */ = {isa = PBXBuildFile; fileRef = AB9362E91D670E5400575257 /* Assets.xcassets */; };
		AB9362ED1D670E5400575257 /* LaunchScreen.storyboard in Resources */ = {isa = PBXBuildFile; fileRef = AB9362EB1D670E5400575257 /* LaunchScreen.storyboard */; };
		AB9362F61D670F4100575257 /* Post.swift in Sources */ = {isa = PBXBuildFile; fileRef = AB9362F51D670F4100575257 /* Post.swift */; };
		AB9362F91D671F3B00575257 /* PostCell.swift in Sources */ = {isa = PBXBuildFile; fileRef = AB9362F81D671F3B00575257 /* PostCell.swift */; };
		AB9362FC1D67339200575257 /* AddPostVC.swift in Sources */ = {isa = PBXBuildFile; fileRef = AB9362FB1D67339200575257 /* AddPostVC.swift */; };
		AB9362FF1D674C0C00575257 /* DataService.swift in Sources */ = {isa = PBXBuildFile; fileRef = AB9362FE1D674C0C00575257 /* DataService.swift */; };
/* End PBXBuildFile section */

/* Begin PBXFileReference section */
		AB9362DF1D670E5300575257 /* my-hood.app */ = {isa = PBXFileReference; explicitFileType = wrapper.application; includeInIndex = 0; path = "my-hood.app"; sourceTree = BUILT_PRODUCTS_DIR; };
		AB9362E21D670E5400575257 /* AppDelegate.swift */ = {isa = PBXFileReference; lastKnownFileType = sourcecode.swift; path = AppDelegate.swift; sourceTree = "<group>"; };
		AB9362E41D670E5400575257 /* ViewController.swift */ = {isa = PBXFileReference; lastKnownFileType = sourcecode.swift; path = ViewController.swift; sourceTree = "<group>"; };
		AB9362E71D670E5400575257 /* Base */ = {isa = PBXFileReference; lastKnownFileType = file.storyboard; name = Base; path = Base.lproj/Main.storyboard; sourceTree = "<group>"; };
		AB9362E91D670E5400575257 /* Assets.xcassets */ = {isa = PBXFileReference; lastKnownFileType = folder.assetcatalog; path = Assets.xcassets; sourceTree = "<group>"; };
		AB9362EC1D670E5400575257 /* Base */ = {isa = PBXFileReference; lastKnownFileType = file.storyboard; name = Base; path = Base.lproj/LaunchScreen.storyboard; sourceTree = "<group>"; };
		AB9362EE1D670E5400575257 /* Info.plist */ = {isa = PBXFileReference; lastKnownFileType = text.plist.xml; path = Info.plist; sourceTree = "<group>"; };
		AB9362F51D670F4100575257 /* Post.swift */ = {isa = PBXFileReference; fileEncoding = 4; lastKnownFileType = sourcecode.swift; path = Post.swift; sourceTree = "<group>"; };
		AB9362F81D671F3B00575257 /* PostCell.swift */ = {isa = PBXFileReference; fileEncoding = 4; lastKnownFileType = sourcecode.swift; path = PostCell.swift; sourceTree = "<group>"; };
		AB9362FB1D67339200575257 /* AddPostVC.swift */ = {isa = PBXFileReference; fileEncoding = 4; lastKnownFileType = sourcecode.swift; path = AddPostVC.swift; sourceTree = "<group>"; };
		AB9362FE1D674C0C00575257 /* DataService.swift */ = {isa = PBXFileReference; fileEncoding = 4; lastKnownFileType = sourcecode.swift; path = DataService.swift; sourceTree = "<group>"; };
/* End PBXFileReference section */

/* Begin PBXFrameworksBuildPhase section */
		AB9362DC1D670E5300575257 /* Frameworks */ = {
			isa = PBXFrameworksBuildPhase;
			buildActionMask = 2147483647;
			files = (
			);
			runOnlyForDeploymentPostprocessing = 0;
		};
/* End PBXFrameworksBuildPhase section */

/* Begin PBXGroup section */
		AB9362D61D670E5300575257 = {
			isa = PBXGroup;
			children = (
				AB9362E11D670E5400575257 /* my-hood */,
				AB9362E01D670E5300575257 /* Products */,
			);
			sourceTree = "<group>";
		};
		AB9362E01D670E5300575257 /* Products */ = {
			isa = PBXGroup;
			children = (
				AB9362DF1D670E5300575257 /* my-hood.app */,
			);
			name = Products;
			sourceTree = "<group>";
		};
		AB9362E11D670E5400575257 /* my-hood */ = {
			isa = PBXGroup;
			children = (
				AB9362FD1D674BD800575257 /* Services */,
				AB9362FA1D67334F00575257 /* Controller */,
				AB9362F41D670F0A00575257 /* Model */,
				AB9362F71D671F0900575257 /* View */,
				AB9362E21D670E5400575257 /* AppDelegate.swift */,
				AB9362E91D670E5400575257 /* Assets.xcassets */,
				AB9362EB1D670E5400575257 /* LaunchScreen.storyboard */,
				AB9362EE1D670E5400575257 /* Info.plist */,
			);
			path = "my-hood";
			sourceTree = "<group>";
		};
		AB9362F41D670F0A00575257 /* Model */ = {
			isa = PBXGroup;
			children = (
				AB9362F51D670F4100575257 /* Post.swift */,
			);
			name = Model;
			sourceTree = "<group>";
		};
		AB9362F71D671F0900575257 /* View */ = {
			isa = PBXGroup;
			children = (
				AB9362F81D671F3B00575257 /* PostCell.swift */,
				AB9362E61D670E5400575257 /* Main.storyboard */,
			);
			name = View;
			sourceTree = "<group>";
		};
		AB9362FA1D67334F00575257 /* Controller */ = {
			isa = PBXGroup;
			children = (
				AB9362E41D670E5400575257 /* ViewController.swift */,
				AB9362FB1D67339200575257 /* AddPostVC.swift */,
			);
			name = Controller;
			sourceTree = "<group>";
		};
		AB9362FD1D674BD800575257 /* Services */ = {
			isa = PBXGroup;
			children = (
				AB9362FE1D674C0C00575257 /* DataService.swift */,
			);
			name = Services;
			sourceTree = "<group>";
		};
/* End PBXGroup section */

/* Begin PBXNativeTarget section */
		AB9362DE1D670E5300575257 /* my-hood */ = {
			isa = PBXNativeTarget;
			buildConfigurationList = AB9362F11D670E5400575257 /* Build configuration list for PBXNativeTarget "my-hood" */;
			buildPhases = (
				AB9362DB1D670E5300575257 /* Sources */,
				AB9362DC1D670E5300575257 /* Frameworks */,
				AB9362DD1D670E5300575257 /* Resources */,
			);
			buildRules = (
			);
			dependencies = (
			);
			name = "my-hood";
			productName = "my-hood";
			productReference = AB9362DF1D670E5300575257 /* my-hood.app */;
			productType = "com.apple.product-type.application";
		};
/* End PBXNativeTarget section */

/* Begin PBXProject section */
		AB9362D71D670E5300575257 /* Project object */ = {
			isa = PBXProject;
			attributes = {
				LastSwiftUpdateCheck = 0730;
				LastUpgradeCheck = 0730;
				ORGANIZATIONNAME = "Vidur Singh";
				TargetAttributes = {
					AB9362DE1D670E5300575257 = {
						CreatedOnToolsVersion = 7.3.1;
						DevelopmentTeam = 93LGAXCT48;
					};
				};
			};
			buildConfigurationList = AB9362DA1D670E5300575257 /* Build configuration list for PBXProject "my-hood" */;
			compatibilityVersion = "Xcode 3.2";
			developmentRegion = English;
			hasScannedForEncodings = 0;
			knownRegions = (
				en,
				Base,
			);
			mainGroup = AB9362D61D670E5300575257;
			productRefGroup = AB9362E01D670E5300575257 /* Products */;
			projectDirPath = "";
			projectRoot = "";
			targets = (
				AB9362DE1D670E5300575257 /* my-hood */,
			);
		};
/* End PBXProject section */

/* Begin PBXResourcesBuildPhase section */
		AB9362DD1D670E5300575257 /* Resources */ = {
			isa = PBXResourcesBuildPhase;
			buildActionMask = 2147483647;
			files = (
				AB9362ED1D670E5400575257 /* LaunchScreen.storyboard in Resources */,
				AB9362EA1D670E5400575257 /* Assets.xcassets in Resources */,
				AB9362E81D670E5400575257 /* Main.storyboard in Resources */,
			);
			runOnlyForDeploymentPostprocessing = 0;
		};
/* End PBXResourcesBuildPhase section */

/* Begin PBXSourcesBuildPhase section */
		AB9362DB1D670E5300575257 /* Sources */ = {
			isa = PBXSourcesBuildPhase;
			buildActionMask = 2147483647;
			files = (
				AB9362F61D670F4100575257 /* Post.swift in Sources */,
				AB9362E51D670E5400575257 /* ViewController.swift in Sources */,
				AB9362FC1D67339200575257 /* AddPostVC.swift in Sources */,
				AB9362FF1D674C0C00575257 /* DataService.swift in Sources */,
				AB9362E31D670E5400575257 /* AppDelegate.swift in Sources */,
				AB9362F91D671F3B00575257 /* PostCell.swift in Sources */,
			);
			runOnlyForDeploymentPostprocessing = 0;
		};
/* End PBXSourcesBuildPhase section */

/* Begin PBXVariantGroup section */
		AB9362E61D670E5400575257 /* Main.storyboard */ = {
			isa = PBXVariantGroup;
			children = (
				AB9362E71D670E5400575257 /* Base */,
			);
			name = Main.storyboard;
			sourceTree = "<group>";
		};
		AB9362EB1D670E5400575257 /* LaunchScreen.storyboard */ = {
			isa = PBXVariantGroup;
			children = (
				AB9362EC1D670E5400575257 /* Base */,
			);
			name = LaunchScreen.storyboard;
			sourceTree = "<group>";
		};
/* End PBXVariantGroup section */

/* Begin XCBuildConfiguration section */
		AB9362EF1D670E5400575257 /* Debug */ = {
			isa = XCBuildConfiguration;
			buildSettings = {
				ALWAYS_SEARCH_USER_PATHS = NO;
				CLANG_ANALYZER_NONNULL = YES;
				CLANG_CXX_LANGUAGE_STANDARD = "gnu++0x";
				CLANG_CXX_LIBRARY = "libc++";
				CLANG_ENABLE_MODULES = YES;
				CLANG_ENABLE_OBJC_ARC = YES;
				CLANG_WARN_BOOL_CONVERSION = YES;
				CLANG_WARN_CONSTANT_CONVERSION = YES;
				CLANG_WARN_DIRECT_OBJC_ISA_USAGE = YES_ERROR;
				CLANG_WARN_EMPTY_BODY = YES;
				CLANG_WARN_ENUM_CONVERSION = YES;
				CLANG_WARN_INT_CONVERSION = YES;
				CLANG_WARN_OBJC_ROOT_CLASS = YES_ERROR;
				CLANG_WARN_UNREACHABLE_CODE = YES;
				CLANG_WARN__DUPLICATE_METHOD_MATCH = YES;
				"CODE_SIGN_IDENTITY[sdk=iphoneos*]" = "iPhone Developer";
				COPY_PHASE_STRIP = NO;
				DEBUG_INFORMATION_FORMAT = dwarf;
				ENABLE_STRICT_OBJC_MSGSEND = YES;
				ENABLE_TESTABILITY = YES;
				GCC_C_LANGUAGE_STANDARD = gnu99;
				GCC_DYNAMIC_NO_PIC = NO;
				GCC_NO_COMMON_BLOCKS = YES;
				GCC_OPTIMIZATION_LEVEL = 0;
				GCC_PREPROCESSOR_DEFINITIONS = (
					"DEBUG=1",
					"$(inherited)",
				);
				GCC_WARN_64_TO_32_BIT_CONVERSION = YES;
				GCC_WARN_ABOUT_RETURN_TYPE = YES_ERROR;
				GCC_WARN_UNDECLARED_SELECTOR = YES;
				GCC_WARN_UNINITIALIZED_AUTOS = YES_AGGRESSIVE;
				GCC_WARN_UNUSED_FUNCTION = YES;
				GCC_WARN_UNUSED_VARIABLE = YES;
				IPHONEOS_DEPLOYMENT_TARGET = 9.3;
				MTL_ENABLE_DEBUG_INFO = YES;
				ONLY_ACTIVE_ARCH = YES;
				SDKROOT = iphoneos;
				SWIFT_OPTIMIZATION_LEVEL = "-Onone";
				TARGETED_DEVICE_FAMILY = "1,2";
			};
			name = Debug;
		};
		AB9362F01D670E5400575257 /* Release */ = {
			isa = XCBuildConfiguration;
			buildSettings = {
				ALWAYS_SEARCH_USER_PATHS = NO;
				CLANG_ANALYZER_NONNULL = YES;
				CLANG_CXX_LANGUAGE_STANDARD = "gnu++0x";
				CLANG_CXX_LIBRARY = "libc++";
				CLANG_ENABLE_MODULES = YES;
				CLANG_ENABLE_OBJC_ARC = YES;
				CLANG_WARN_BOOL_CONVERSION = YES;
				CLANG_WARN_CONSTANT_CONVERSION = YES;
				CLANG_WARN_DIRECT_OBJC_ISA_USAGE = YES_ERROR;
				CLANG_WARN_EMPTY_BODY = YES;
				CLANG_WARN_ENUM_CONVERSION = YES;
				CLANG_WARN_INT_CONVERSION = YES;
				CLANG_WARN_OBJC_ROOT_CLASS = YES_ERROR;
				CLANG_WARN_UNREACHABLE_CODE = YES;
				CLANG_WARN__DUPLICATE_METHOD_MATCH = YES;
				"CODE_SIGN_IDENTITY[sdk=iphoneos*]" = "iPhone Developer";
				COPY_PHASE_STRIP = NO;
				DEBUG_INFORMATION_FORMAT = "dwarf-with-dsym";
				ENABLE_NS_ASSERTIONS = NO;
				ENABLE_STRICT_OBJC_MSGSEND = YES;
				GCC_C_LANGUAGE_STANDARD = gnu99;
				GCC_NO_COMMON_BLOCKS = YES;
				GCC_WARN_64_TO_32_BIT_CONVERSION = YES;
				GCC_WARN_ABOUT_RETURN_TYPE = YES_ERROR;
				GCC_WARN_UNDECLARED_SELECTOR = YES;
				GCC_WARN_UNINITIALIZED_AUTOS = YES_AGGRESSIVE;
				GCC_WARN_UNUSED_FUNCTION = YES;
				GCC_WARN_UNUSED_VARIABLE = YES;
				IPHONEOS_DEPLOYMENT_TARGET = 9.3;
				MTL_ENABLE_DEBUG_INFO = NO;
				SDKROOT = iphoneos;
				TARGETED_DEVICE_FAMILY = "1,2";
				VALIDATE_PRODUCT = YES;
			};
			name = Release;
		};
		AB9362F21D670E5400575257 /* Debug */ = {
			isa = XCBuildConfiguration;
			buildSettings = {
				ASSETCATALOG_COMPILER_APPICON_NAME = AppIcon;
				INFOPLIST_FILE = "my-hood/Info.plist";
				LD_RUNPATH_SEARCH_PATHS = "$(inherited) @executable_path/Frameworks";
				PRODUCT_BUNDLE_IDENTIFIER = "com.vidur.learning.my-hood";
				PRODUCT_NAME = "$(TARGET_NAME)";
			};
			name = Debug;
		};
		AB9362F31D670E5400575257 /* Release */ = {
			isa = XCBuildConfiguration;
			buildSettings = {
				ASSETCATALOG_COMPILER_APPICON_NAME = AppIcon;
				INFOPLIST_FILE = "my-hood/Info.plist";
				LD_RUNPATH_SEARCH_PATHS = "$(inherited) @executable_path/Frameworks";
				PRODUCT_BUNDLE_IDENTIFIER = "com.vidur.learning.my-hood";
				PRODUCT_NAME = "$(TARGET_NAME)";
			};
			name = Release;
		};
/* End XCBuildConfiguration section */

/* Begin XCConfigurationList section */
		AB9362DA1D670E5300575257 /* Build configuration list for PBXProject "my-hood" */ = {
			isa = XCConfigurationList;
			buildConfigurations = (
				AB9362EF1D670E5400575257 /* Debug */,
				AB9362F01D670E5400575257 /* Release */,
			);
			defaultConfigurationIsVisible = 0;
			defaultConfigurationName = Release;
		};
		AB9362F11D670E5400575257 /* Build configuration list for PBXNativeTarget "my-hood" */ = {
			isa = XCConfigurationList;
			buildConfigurations = (
				AB9362F21D670E5400575257 /* Debug */,
				AB9362F31D670E5400575257 /* Release */,
			);
			defaultConfigurationIsVisible = 0;
		};
/* End XCConfigurationList section */
	};
	rootObject = AB9362D71D670E5300575257 /* Project object */;
}
